
Microsoft Visual Studio Solution File, Format Version 12.00
# Visual Studio Express 2012 for Windows Desktop
Project("{FAE04EC0-301F-11D3-BF4B-00C04F79EFBC}") = "WirelessWebCam", "WirelessWebCam\WirelessWebCam.csproj", "{1A9DEAAF-E267-437B-A6D7-C0DE65380692}"
EndProject
Global
	GlobalSection(SolutionConfigurationPlatforms) = preSolution
		Debug|Any CPU = Debug|Any CPU
		Release|Any CPU = Release|Any CPU
	EndGlobalSection
	GlobalSection(ProjectConfigurationPlatforms) = postSolution
		{1A9DEAAF-E267-437B-A6D7-C0DE65380692}.Debug|Any CPU.ActiveCfg = Debug|Any CPU
		{1A9DEAAF-E267-437B-A6D7-C0DE65380692}.Debug|Any CPU.Build.0 = Debug|Any CPU
		{1A9DEAAF-E267-437B-A6D7-C0DE65380692}.Debug|Any CPU.Deploy.0 = Debug|Any CPU
		{1A9DEAAF-E267-437B-A6D7-C0DE65380692}.Release|Any CPU.ActiveCfg = Release|Any CPU
		{1A9DEAAF-E267-437B-A6D7-C0DE65380692}.Release|Any CPU.Build.0 = Release|Any CPU
		{1A9DEAAF-E267-437B-A6D7-C0DE65380692}.Release|Any CPU.Deploy.0 = Release|Any CPU
	EndGlobalSection
	GlobalSection(SolutionProperties) = preSolution
		HideSolutionNode = FALSE
	EndGlobalSection
EndGlobal
